
Microsoft Visual Studio Solution File, Format Version 12.00
# Visual Studio 15
Project("{FAE04EC0-301F-11D3-BF4B-00C04F79EFBC}") = "KartGame", "KartGame.csproj", "{1218F09C-F207-4EF8-4C41-1E71EC8663B6}"
EndProject
Project("{FAE04EC0-301F-11D3-BF4B-00C04F79EFBC}") = "Assembly-CSharp", "Assembly-CSharp.csproj", "{B5233B60-EE37-5AF9-0373-923C01400B16}"
EndProject
Project("{FAE04EC0-301F-11D3-BF4B-00C04F79EFBC}") = "Unity.Microgame.Tutorials", "Unity.Microgame.Tutorials.csproj", "{5D9F6EB5-E6E8-2F8E-105B-DE6CA9677AEC}"
EndProject
Project("{FAE04EC0-301F-11D3-BF4B-00C04F79EFBC}") = "KartGame.AI.Editor", "KartGame.AI.Editor.csproj", "{B3E05DC0-43DE-97AD-127D-5D6911CE4EA4}"
EndProject
Project("{FAE04EC0-301F-11D3-BF4B-00C04F79EFBC}") = "KartGame.AI", "KartGame.AI.csproj", "{DD69A4AF-9255-A0F0-1F46-201CC6764B1F}"
EndProject
Project("{FAE04EC0-301F-11D3-BF4B-00C04F79EFBC}") = "Unity.Karting.Tutorials", "Unity.Karting.Tutorials.csproj", "{5DD196F4-7511-6F9F-99AC-D7E07EB89B51}"
EndProject
Project("{FAE04EC0-301F-11D3-BF4B-00C04F79EFBC}") = "KartGame.Editor", "KartGame.Editor.csproj", "{364F1DA3-F225-27BB-02C4-F8B23ADF08FF}"
EndProject
Global
	GlobalSection(SolutionConfigurationPlatforms) = preSolution
		Debug|Any CPU = Debug|Any CPU
		Release|Any CPU = Release|Any CPU
	EndGlobalSection
	GlobalSection(ProjectConfigurationPlatforms) = postSolution
		{1218F09C-F207-4EF8-4C41-1E71EC8663B6}.Debug|Any CPU.ActiveCfg = Debug|Any CPU
		{1218F09C-F207-4EF8-4C41-1E71EC8663B6}.Debug|Any CPU.Build.0 = Debug|Any CPU
		{1218F09C-F207-4EF8-4C41-1E71EC8663B6}.Release|Any CPU.ActiveCfg = Release|Any CPU
		{1218F09C-F207-4EF8-4C41-1E71EC8663B6}.Release|Any CPU.Build.0 = Release|Any CPU
		{B5233B60-EE37-5AF9-0373-923C01400B16}.Debug|Any CPU.ActiveCfg = Debug|Any CPU
		{B5233B60-EE37-5AF9-0373-923C01400B16}.Debug|Any CPU.Build.0 = Debug|Any CPU
		{B5233B60-EE37-5AF9-0373-923C01400B16}.Release|Any CPU.ActiveCfg = Release|Any CPU
		{B5233B60-EE37-5AF9-0373-923C01400B16}.Release|Any CPU.Build.0 = Release|Any CPU
		{5D9F6EB5-E6E8-2F8E-105B-DE6CA9677AEC}.Debug|Any CPU.ActiveCfg = Debug|Any CPU
		{5D9F6EB5-E6E8-2F8E-105B-DE6CA9677AEC}.Debug|Any CPU.Build.0 = Debug|Any CPU
		{5D9F6EB5-E6E8-2F8E-105B-DE6CA9677AEC}.Release|Any CPU.ActiveCfg = Release|Any CPU
		{5D9F6EB5-E6E8-2F8E-105B-DE6CA9677AEC}.Release|Any CPU.Build.0 = Release|Any CPU
		{B3E05DC0-43DE-97AD-127D-5D6911CE4EA4}.Debug|Any CPU.ActiveCfg = Debug|Any CPU
		{B3E05DC0-43DE-97AD-127D-5D6911CE4EA4}.Debug|Any CPU.Build.0 = Debug|Any CPU
		{B3E05DC0-43DE-97AD-127D-5D6911CE4EA4}.Release|Any CPU.ActiveCfg = Release|Any CPU
		{B3E05DC0-43DE-97AD-127D-5D6911CE4EA4}.Release|Any CPU.Build.0 = Release|Any CPU
		{DD69A4AF-9255-A0F0-1F46-201CC6764B1F}.Debug|Any CPU.ActiveCfg = Debug|Any CPU
		{DD69A4AF-9255-A0F0-1F46-201CC6764B1F}.Debug|Any CPU.Build.0 = Debug|Any CPU
		{DD69A4AF-9255-A0F0-1F46-201CC6764B1F}.Release|Any CPU.ActiveCfg = Release|Any CPU
		{DD69A4AF-9255-A0F0-1F46-201CC6764B1F}.Release|Any CPU.Build.0 = Release|Any CPU
		{5DD196F4-7511-6F9F-99AC-D7E07EB89B51}.Debug|Any CPU.ActiveCfg = Debug|Any CPU
		{5DD196F4-7511-6F9F-99AC-D7E07EB89B51}.Debug|Any CPU.Build.0 = Debug|Any CPU
		{5DD196F4-7511-6F9F-99AC-D7E07EB89B51}.Release|Any CPU.ActiveCfg = Release|Any CPU
		{5DD196F4-7511-6F9F-99AC-D7E07EB89B51}.Release|Any CPU.Build.0 = Release|Any CPU
		{364F1DA3-F225-27BB-02C4-F8B23ADF08FF}.Debug|Any CPU.ActiveCfg = Debug|Any CPU
		{364F1DA3-F225-27BB-02C4-F8B23ADF08FF}.Debug|Any CPU.Build.0 = Debug|Any CPU
		{364F1DA3-F225-27BB-02C4-F8B23ADF08FF}.Release|Any CPU.ActiveCfg = Release|Any CPU
		{364F1DA3-F225-27BB-02C4-F8B23ADF08FF}.Release|Any CPU.Build.0 = Release|Any CPU
	EndGlobalSection
	GlobalSection(SolutionProperties) = preSolution
		HideSolutionNode = FALSE
	EndGlobalSection
EndGlobal
